
Microsoft Visual Studio Solution File, Format Version 12.00
# Visual Studio 15
VisualStudioVersion = 15.0.27428.2027
MinimumVisualStudioVersion = 10.0.40219.1
Project("{FAE04EC0-301F-11D3-BF4B-00C04F79EFBC}") = "Task 1", "Task 1\Task 1.csproj", "{3D567E64-82D9-4D3F-B821-899ACB954142}"
EndProject
Project("{FAE04EC0-301F-11D3-BF4B-00C04F79EFBC}") = "Task 3", "Task 3\Task 3.csproj", "{3FBFB7FE-D7BF-47A2-9A33-CF04AA86EB93}"
EndProject
Project("{FAE04EC0-301F-11D3-BF4B-00C04F79EFBC}") = "Task 4", "Task4\Task 4.csproj", "{C905FCC2-ADE5-4473-BB58-CDCBD1608DC5}"
EndProject
Project("{FAE04EC0-301F-11D3-BF4B-00C04F79EFBC}") = "Task 5", "Task 5\Task 5.csproj", "{A096F7D2-EFBB-45B0-8254-E953B727256D}"
EndProject
Global
	GlobalSection(SolutionConfigurationPlatforms) = preSolution
		Debug|Any CPU = Debug|Any CPU
		Release|Any CPU = Release|Any CPU
	EndGlobalSection
	GlobalSection(ProjectConfigurationPlatforms) = postSolution
		{3D567E64-82D9-4D3F-B821-899ACB954142}.Debug|Any CPU.ActiveCfg = Debug|Any CPU
		{3D567E64-82D9-4D3F-B821-899ACB954142}.Debug|Any CPU.Build.0 = Debug|Any CPU
		{3D567E64-82D9-4D3F-B821-899ACB954142}.Release|Any CPU.ActiveCfg = Release|Any CPU
		{3D567E64-82D9-4D3F-B821-899ACB954142}.Release|Any CPU.Build.0 = Release|Any CPU
		{3FBFB7FE-D7BF-47A2-9A33-CF04AA86EB93}.Debug|Any CPU.ActiveCfg = Debug|Any CPU
		{3FBFB7FE-D7BF-47A2-9A33-CF04AA86EB93}.Debug|Any CPU.Build.0 = Debug|Any CPU
		{3FBFB7FE-D7BF-47A2-9A33-CF04AA86EB93}.Release|Any CPU.ActiveCfg = Release|Any CPU
		{3FBFB7FE-D7BF-47A2-9A33-CF04AA86EB93}.Release|Any CPU.Build.0 = Release|Any CPU
		{C905FCC2-ADE5-4473-BB58-CDCBD1608DC5}.Debug|Any CPU.ActiveCfg = Debug|Any CPU
		{C905FCC2-ADE5-4473-BB58-CDCBD1608DC5}.Debug|Any CPU.Build.0 = Debug|Any CPU
		{C905FCC2-ADE5-4473-BB58-CDCBD1608DC5}.Release|Any CPU.ActiveCfg = Release|Any CPU
		{C905FCC2-ADE5-4473-BB58-CDCBD1608DC5}.Release|Any CPU.Build.0 = Release|Any CPU
		{A096F7D2-EFBB-45B0-8254-E953B727256D}.Debug|Any CPU.ActiveCfg = Debug|Any CPU
		{A096F7D2-EFBB-45B0-8254-E953B727256D}.Debug|Any CPU.Build.0 = Debug|Any CPU
		{A096F7D2-EFBB-45B0-8254-E953B727256D}.Release|Any CPU.ActiveCfg = Release|Any CPU
		{A096F7D2-EFBB-45B0-8254-E953B727256D}.Release|Any CPU.Build.0 = Release|Any CPU
	EndGlobalSection
	GlobalSection(SolutionProperties) = preSolution
		HideSolutionNode = FALSE
	EndGlobalSection
	GlobalSection(ExtensibilityGlobals) = postSolution
		SolutionGuid = {B87E1709-F5EE-4DC9-8F1A-78FE13D66DE1}
	EndGlobalSection
EndGlobal
