
Microsoft Visual Studio Solution File, Format Version 12.00
# Visual Studio 15
VisualStudioVersion = 15.0.27428.2027
MinimumVisualStudioVersion = 10.0.40219.1
Project("{FAE04EC0-301F-11D3-BF4B-00C04F79EFBC}") = "SocNetwork.DAL", "DAL\SocNetwork.DAL.csproj", "{927710F3-21C0-4A1A-9465-7CF6A88C625C}"
EndProject
Project("{FAE04EC0-301F-11D3-BF4B-00C04F79EFBC}") = "SocNetwork.MVC", "SocNetwork\SocNetwork.MVC.csproj", "{03619DBF-2C62-4F8B-BA3D-C1FE219A52BF}"
EndProject
Project("{FAE04EC0-301F-11D3-BF4B-00C04F79EFBC}") = "SocNetwork.Tests", "SocNetwork.Tests\SocNetwork.Tests.csproj", "{614178C3-8370-4053-9316-5561534C6D0D}"
EndProject
Project("{00D1A9C2-B5F0-4AF3-8072-F6C62B433612}") = "SocNetwork.Db", "..\..\Task 8\Task 8.14\SocNetwork\SocNetwork.Db.sqlproj", "{EA7882BA-C25D-4931-A173-B0D47DFA47C9}"
EndProject
Global
	GlobalSection(SolutionConfigurationPlatforms) = preSolution
		Debug|Any CPU = Debug|Any CPU
		Release|Any CPU = Release|Any CPU
	EndGlobalSection
	GlobalSection(ProjectConfigurationPlatforms) = postSolution
		{927710F3-21C0-4A1A-9465-7CF6A88C625C}.Debug|Any CPU.ActiveCfg = Debug|Any CPU
		{927710F3-21C0-4A1A-9465-7CF6A88C625C}.Debug|Any CPU.Build.0 = Debug|Any CPU
		{927710F3-21C0-4A1A-9465-7CF6A88C625C}.Release|Any CPU.ActiveCfg = Release|Any CPU
		{927710F3-21C0-4A1A-9465-7CF6A88C625C}.Release|Any CPU.Build.0 = Release|Any CPU
		{03619DBF-2C62-4F8B-BA3D-C1FE219A52BF}.Debug|Any CPU.ActiveCfg = Debug|Any CPU
		{03619DBF-2C62-4F8B-BA3D-C1FE219A52BF}.Debug|Any CPU.Build.0 = Debug|Any CPU
		{03619DBF-2C62-4F8B-BA3D-C1FE219A52BF}.Release|Any CPU.ActiveCfg = Release|Any CPU
		{03619DBF-2C62-4F8B-BA3D-C1FE219A52BF}.Release|Any CPU.Build.0 = Release|Any CPU
		{614178C3-8370-4053-9316-5561534C6D0D}.Debug|Any CPU.ActiveCfg = Debug|Any CPU
		{614178C3-8370-4053-9316-5561534C6D0D}.Debug|Any CPU.Build.0 = Debug|Any CPU
		{614178C3-8370-4053-9316-5561534C6D0D}.Release|Any CPU.ActiveCfg = Release|Any CPU
		{614178C3-8370-4053-9316-5561534C6D0D}.Release|Any CPU.Build.0 = Release|Any CPU
		{EA7882BA-C25D-4931-A173-B0D47DFA47C9}.Debug|Any CPU.ActiveCfg = Debug|Any CPU
		{EA7882BA-C25D-4931-A173-B0D47DFA47C9}.Debug|Any CPU.Build.0 = Debug|Any CPU
		{EA7882BA-C25D-4931-A173-B0D47DFA47C9}.Debug|Any CPU.Deploy.0 = Debug|Any CPU
		{EA7882BA-C25D-4931-A173-B0D47DFA47C9}.Release|Any CPU.ActiveCfg = Release|Any CPU
		{EA7882BA-C25D-4931-A173-B0D47DFA47C9}.Release|Any CPU.Build.0 = Release|Any CPU
		{EA7882BA-C25D-4931-A173-B0D47DFA47C9}.Release|Any CPU.Deploy.0 = Release|Any CPU
	EndGlobalSection
	GlobalSection(SolutionProperties) = preSolution
		HideSolutionNode = FALSE
	EndGlobalSection
	GlobalSection(ExtensibilityGlobals) = postSolution
		SolutionGuid = {A5530435-3773-42F3-9A13-6C74BBA48CEF}
	EndGlobalSection
EndGlobal
